{
  "requires": true,
  "lockfileVersion": 1,
  "dependencies": {
    "cordova-plugin-pdf-viewer": {
      "version": "0.0.1",
      "resolved": "https://registry.npmjs.org/cordova-plugin-pdf-viewer/-/cordova-plugin-pdf-viewer-0.0.1.tgz",
      "integrity": "sha1-qBydhhwdoFMq8sbOlVdz7Gdqmm0="
    }
  }
}
